
Microsoft Visual Studio Solution File, Format Version 12.00
# Visual Studio Version 16
VisualStudioVersion = 16.0.31019.35
MinimumVisualStudioVersion = 10.0.40219.1
Project("{FAE04EC0-301F-11D3-BF4B-00C04F79EFBC}") = "Reminder", "Reminder\Reminder.csproj", "{875F23E9-CC1B-4025-9E5B-6162AC2FE06B}"
EndProject
Project("{C7167F0D-BC9F-4E6E-AFE1-012C56B48DB5}") = "Reminder.App", "Reminder.App\Reminder.App.wapproj", "{0DBB821A-DF4C-46E6-880C-767D0A8DA88A}"
EndProject
Global
	GlobalSection(SolutionConfigurationPlatforms) = preSolution
		Debug|Any CPU = Debug|Any CPU
		Debug|ARM = Debug|ARM
		Debug|ARM64 = Debug|ARM64
		Debug|x64 = Debug|x64
		Debug|x86 = Debug|x86
		Release|Any CPU = Release|Any CPU
		Release|ARM = Release|ARM
		Release|ARM64 = Release|ARM64
		Release|x64 = Release|x64
		Release|x86 = Release|x86
	EndGlobalSection
	GlobalSection(ProjectConfigurationPlatforms) = postSolution
		{875F23E9-CC1B-4025-9E5B-6162AC2FE06B}.Debug|Any CPU.ActiveCfg = Debug|Any CPU
		{875F23E9-CC1B-4025-9E5B-6162AC2FE06B}.Debug|Any CPU.Build.0 = Debug|Any CPU
		{875F23E9-CC1B-4025-9E5B-6162AC2FE06B}.Debug|ARM.ActiveCfg = Debug|Any CPU
		{875F23E9-CC1B-4025-9E5B-6162AC2FE06B}.Debug|ARM.Build.0 = Debug|Any CPU
		{875F23E9-CC1B-4025-9E5B-6162AC2FE06B}.Debug|ARM64.ActiveCfg = Debug|Any CPU
		{875F23E9-CC1B-4025-9E5B-6162AC2FE06B}.Debug|ARM64.Build.0 = Debug|Any CPU
		{875F23E9-CC1B-4025-9E5B-6162AC2FE06B}.Debug|x64.ActiveCfg = Debug|Any CPU
		{875F23E9-CC1B-4025-9E5B-6162AC2FE06B}.Debug|x64.Build.0 = Debug|Any CPU
		{875F23E9-CC1B-4025-9E5B-6162AC2FE06B}.Debug|x86.ActiveCfg = Debug|Any CPU
		{875F23E9-CC1B-4025-9E5B-6162AC2FE06B}.Debug|x86.Build.0 = Debug|Any CPU
		{875F23E9-CC1B-4025-9E5B-6162AC2FE06B}.Release|Any CPU.ActiveCfg = Release|Any CPU
		{875F23E9-CC1B-4025-9E5B-6162AC2FE06B}.Release|Any CPU.Build.0 = Release|Any CPU
		{875F23E9-CC1B-4025-9E5B-6162AC2FE06B}.Release|ARM.ActiveCfg = Release|Any CPU
		{875F23E9-CC1B-4025-9E5B-6162AC2FE06B}.Release|ARM.Build.0 = Release|Any CPU
		{875F23E9-CC1B-4025-9E5B-6162AC2FE06B}.Release|ARM64.ActiveCfg = Release|Any CPU
		{875F23E9-CC1B-4025-9E5B-6162AC2FE06B}.Release|ARM64.Build.0 = Release|Any CPU
		{875F23E9-CC1B-4025-9E5B-6162AC2FE06B}.Release|x64.ActiveCfg = Release|Any CPU
		{875F23E9-CC1B-4025-9E5B-6162AC2FE06B}.Release|x64.Build.0 = Release|Any CPU
		{875F23E9-CC1B-4025-9E5B-6162AC2FE06B}.Release|x86.ActiveCfg = Release|Any CPU
		{875F23E9-CC1B-4025-9E5B-6162AC2FE06B}.Release|x86.Build.0 = Release|Any CPU
		{0DBB821A-DF4C-46E6-880C-767D0A8DA88A}.Debug|Any CPU.ActiveCfg = Debug|Any CPU
		{0DBB821A-DF4C-46E6-880C-767D0A8DA88A}.Debug|Any CPU.Build.0 = Debug|Any CPU
		{0DBB821A-DF4C-46E6-880C-767D0A8DA88A}.Debug|Any CPU.Deploy.0 = Debug|Any CPU
		{0DBB821A-DF4C-46E6-880C-767D0A8DA88A}.Debug|ARM.ActiveCfg = Debug|ARM
		{0DBB821A-DF4C-46E6-880C-767D0A8DA88A}.Debug|ARM.Build.0 = Debug|ARM
		{0DBB821A-DF4C-46E6-880C-767D0A8DA88A}.Debug|ARM.Deploy.0 = Debug|ARM
		{0DBB821A-DF4C-46E6-880C-767D0A8DA88A}.Debug|ARM64.ActiveCfg = Debug|ARM64
		{0DBB821A-DF4C-46E6-880C-767D0A8DA88A}.Debug|ARM64.Build.0 = Debug|ARM64
		{0DBB821A-DF4C-46E6-880C-767D0A8DA88A}.Debug|ARM64.Deploy.0 = Debug|ARM64
		{0DBB821A-DF4C-46E6-880C-767D0A8DA88A}.Debug|x64.ActiveCfg = Debug|x64
		{0DBB821A-DF4C-46E6-880C-767D0A8DA88A}.Debug|x64.Build.0 = Debug|x64
		{0DBB821A-DF4C-46E6-880C-767D0A8DA88A}.Debug|x64.Deploy.0 = Debug|x64
		{0DBB821A-DF4C-46E6-880C-767D0A8DA88A}.Debug|x86.ActiveCfg = Debug|x86
		{0DBB821A-DF4C-46E6-880C-767D0A8DA88A}.Debug|x86.Build.0 = Debug|x86
		{0DBB821A-DF4C-46E6-880C-767D0A8DA88A}.Debug|x86.Deploy.0 = Debug|x86
		{0DBB821A-DF4C-46E6-880C-767D0A8DA88A}.Release|Any CPU.ActiveCfg = Release|Any CPU
		{0DBB821A-DF4C-46E6-880C-767D0A8DA88A}.Release|Any CPU.Build.0 = Release|Any CPU
		{0DBB821A-DF4C-46E6-880C-767D0A8DA88A}.Release|Any CPU.Deploy.0 = Release|Any CPU
		{0DBB821A-DF4C-46E6-880C-767D0A8DA88A}.Release|ARM.ActiveCfg = Release|ARM
		{0DBB821A-DF4C-46E6-880C-767D0A8DA88A}.Release|ARM.Build.0 = Release|ARM
		{0DBB821A-DF4C-46E6-880C-767D0A8DA88A}.Release|ARM.Deploy.0 = Release|ARM
		{0DBB821A-DF4C-46E6-880C-767D0A8DA88A}.Release|ARM64.ActiveCfg = Release|ARM64
		{0DBB821A-DF4C-46E6-880C-767D0A8DA88A}.Release|ARM64.Build.0 = Release|ARM64
		{0DBB821A-DF4C-46E6-880C-767D0A8DA88A}.Release|ARM64.Deploy.0 = Release|ARM64
		{0DBB821A-DF4C-46E6-880C-767D0A8DA88A}.Release|x64.ActiveCfg = Release|x64
		{0DBB821A-DF4C-46E6-880C-767D0A8DA88A}.Release|x64.Build.0 = Release|x64
		{0DBB821A-DF4C-46E6-880C-767D0A8DA88A}.Release|x64.Deploy.0 = Release|x64
		{0DBB821A-DF4C-46E6-880C-767D0A8DA88A}.Release|x86.ActiveCfg = Release|x86
		{0DBB821A-DF4C-46E6-880C-767D0A8DA88A}.Release|x86.Build.0 = Release|x86
		{0DBB821A-DF4C-46E6-880C-767D0A8DA88A}.Release|x86.Deploy.0 = Release|x86
	EndGlobalSection
	GlobalSection(SolutionProperties) = preSolution
		HideSolutionNode = FALSE
	EndGlobalSection
	GlobalSection(ExtensibilityGlobals) = postSolution
		SolutionGuid = {FCC519C8-02DC-419F-8A70-5E15A5871896}
	EndGlobalSection
EndGlobal
